
Microsoft Visual Studio Solution File, Format Version 12.00
# Visual Studio 2013
VisualStudioVersion = 12.0.31101.0
MinimumVisualStudioVersion = 10.0.40219.1
Project("{FAE04EC0-301F-11D3-BF4B-00C04F79EFBC}") = "WPYoudaoNoteApp", "WPYoudaoNoteApp\WPYoudaoNoteApp.csproj", "{2263EBEE-9D8D-41B2-B256-DF240FE07CE8}"
EndProject
Project("{FAE04EC0-301F-11D3-BF4B-00C04F79EFBC}") = "YoudaoNoteLib", "YoudaoNoteLib\YoudaoNoteLib.csproj", "{EFA4B9F6-6D60-42D4-9D42-C2A532AF93F2}"
EndProject
Project("{FAE04EC0-301F-11D3-BF4B-00C04F79EFBC}") = "YoudaoNoteEditor", "YoudaoNoteEditor\YoudaoNoteEditor.csproj", "{7D5AD1EA-AD2D-4947-803B-7AD5759B57C8}"
EndProject
Project("{FAE04EC0-301F-11D3-BF4B-00C04F79EFBC}") = "YoudaoNoteDataAccess", "YoudaoNoteDataAccess\YoudaoNoteDataAccess.csproj", "{48BA6E56-3CD0-4DF7-B9B4-1BFC9EC2EF4E}"
EndProject
Project("{FAE04EC0-301F-11D3-BF4B-00C04F79EFBC}") = "tcpclient", "socketex\src\tcpclient\tcpclient.csproj", "{AAC20884-D836-40C1-BB4D-E5D4189218DB}"
EndProject
Project("{FAE04EC0-301F-11D3-BF4B-00C04F79EFBC}") = "sslsocket", "socketex\src\sslsocket\sslsocket.csproj", "{9C0B779B-1D86-4DB5-906D-AF48C21380F4}"
EndProject
Project("{2150E333-8FDC-42A3-9474-1A3956D46DE8}") = ".nuget", ".nuget", "{A4E7C4EB-047D-4475-A127-F5DEE9E23380}"
	ProjectSection(SolutionItems) = preProject
		.nuget\packages.config = .nuget\packages.config
	EndProjectSection
EndProject
Project("{FAE04EC0-301F-11D3-BF4B-00C04F79EFBC}") = "YoudaoNoteSync", "YoudaoNoteSync\YoudaoNoteSync.csproj", "{E0FF0F1C-C78A-4C56-8337-DB5B7EFD4BD4}"
EndProject
Project("{FAE04EC0-301F-11D3-BF4B-00C04F79EFBC}") = "YoudaoNoteUtils", "YoudaoUtils\YoudaoNoteUtils.csproj", "{48A5AE8E-9C64-4D9F-9885-7C6E99127FC9}"
EndProject
Project("{FAE04EC0-301F-11D3-BF4B-00C04F79EFBC}") = "YoudaoNoteLog", "YoudaoNoteLog\YoudaoNoteLog.csproj", "{41683589-D24A-4B70-9EDC-A4E9FD921EBE}"
EndProject
Project("{FAE04EC0-301F-11D3-BF4B-00C04F79EFBC}") = "YoudaoNoteDatabaseCache", "YoudaoNoteDatabaseCache\YoudaoNoteDatabaseCache.csproj", "{05052242-AC26-47AB-84AB-67784BF038EF}"
EndProject
Global
	GlobalSection(SolutionConfigurationPlatforms) = preSolution
		Debug|Any CPU = Debug|Any CPU
		Debug|ARM = Debug|ARM
		Debug|x86 = Debug|x86
		Release|Any CPU = Release|Any CPU
		Release|ARM = Release|ARM
		Release|x86 = Release|x86
	EndGlobalSection
	GlobalSection(ProjectConfigurationPlatforms) = postSolution
		{2263EBEE-9D8D-41B2-B256-DF240FE07CE8}.Debug|Any CPU.ActiveCfg = Debug|Any CPU
		{2263EBEE-9D8D-41B2-B256-DF240FE07CE8}.Debug|Any CPU.Build.0 = Debug|Any CPU
		{2263EBEE-9D8D-41B2-B256-DF240FE07CE8}.Debug|Any CPU.Deploy.0 = Debug|Any CPU
		{2263EBEE-9D8D-41B2-B256-DF240FE07CE8}.Debug|ARM.ActiveCfg = Debug|ARM
		{2263EBEE-9D8D-41B2-B256-DF240FE07CE8}.Debug|ARM.Build.0 = Debug|ARM
		{2263EBEE-9D8D-41B2-B256-DF240FE07CE8}.Debug|ARM.Deploy.0 = Debug|ARM
		{2263EBEE-9D8D-41B2-B256-DF240FE07CE8}.Debug|x86.ActiveCfg = Debug|x86
		{2263EBEE-9D8D-41B2-B256-DF240FE07CE8}.Debug|x86.Build.0 = Debug|x86
		{2263EBEE-9D8D-41B2-B256-DF240FE07CE8}.Debug|x86.Deploy.0 = Debug|x86
		{2263EBEE-9D8D-41B2-B256-DF240FE07CE8}.Release|Any CPU.ActiveCfg = Release|Any CPU
		{2263EBEE-9D8D-41B2-B256-DF240FE07CE8}.Release|Any CPU.Build.0 = Release|Any CPU
		{2263EBEE-9D8D-41B2-B256-DF240FE07CE8}.Release|Any CPU.Deploy.0 = Release|Any CPU
		{2263EBEE-9D8D-41B2-B256-DF240FE07CE8}.Release|ARM.ActiveCfg = Release|ARM
		{2263EBEE-9D8D-41B2-B256-DF240FE07CE8}.Release|ARM.Build.0 = Release|ARM
		{2263EBEE-9D8D-41B2-B256-DF240FE07CE8}.Release|ARM.Deploy.0 = Release|ARM
		{2263EBEE-9D8D-41B2-B256-DF240FE07CE8}.Release|x86.ActiveCfg = Release|x86
		{2263EBEE-9D8D-41B2-B256-DF240FE07CE8}.Release|x86.Build.0 = Release|x86
		{2263EBEE-9D8D-41B2-B256-DF240FE07CE8}.Release|x86.Deploy.0 = Release|x86
		{EFA4B9F6-6D60-42D4-9D42-C2A532AF93F2}.Debug|Any CPU.ActiveCfg = Debug|Any CPU
		{EFA4B9F6-6D60-42D4-9D42-C2A532AF93F2}.Debug|Any CPU.Build.0 = Debug|Any CPU
		{EFA4B9F6-6D60-42D4-9D42-C2A532AF93F2}.Debug|ARM.ActiveCfg = Debug|ARM
		{EFA4B9F6-6D60-42D4-9D42-C2A532AF93F2}.Debug|ARM.Build.0 = Debug|ARM
		{EFA4B9F6-6D60-42D4-9D42-C2A532AF93F2}.Debug|x86.ActiveCfg = Debug|x86
		{EFA4B9F6-6D60-42D4-9D42-C2A532AF93F2}.Debug|x86.Build.0 = Debug|x86
		{EFA4B9F6-6D60-42D4-9D42-C2A532AF93F2}.Release|Any CPU.ActiveCfg = Release|Any CPU
		{EFA4B9F6-6D60-42D4-9D42-C2A532AF93F2}.Release|Any CPU.Build.0 = Release|Any CPU
		{EFA4B9F6-6D60-42D4-9D42-C2A532AF93F2}.Release|ARM.ActiveCfg = Release|ARM
		{EFA4B9F6-6D60-42D4-9D42-C2A532AF93F2}.Release|ARM.Build.0 = Release|ARM
		{EFA4B9F6-6D60-42D4-9D42-C2A532AF93F2}.Release|x86.ActiveCfg = Release|x86
		{EFA4B9F6-6D60-42D4-9D42-C2A532AF93F2}.Release|x86.Build.0 = Release|x86
		{7D5AD1EA-AD2D-4947-803B-7AD5759B57C8}.Debug|Any CPU.ActiveCfg = Debug|Any CPU
		{7D5AD1EA-AD2D-4947-803B-7AD5759B57C8}.Debug|Any CPU.Build.0 = Debug|Any CPU
		{7D5AD1EA-AD2D-4947-803B-7AD5759B57C8}.Debug|ARM.ActiveCfg = Debug|ARM
		{7D5AD1EA-AD2D-4947-803B-7AD5759B57C8}.Debug|ARM.Build.0 = Debug|ARM
		{7D5AD1EA-AD2D-4947-803B-7AD5759B57C8}.Debug|x86.ActiveCfg = Debug|x86
		{7D5AD1EA-AD2D-4947-803B-7AD5759B57C8}.Debug|x86.Build.0 = Debug|x86
		{7D5AD1EA-AD2D-4947-803B-7AD5759B57C8}.Release|Any CPU.ActiveCfg = Release|Any CPU
		{7D5AD1EA-AD2D-4947-803B-7AD5759B57C8}.Release|Any CPU.Build.0 = Release|Any CPU
		{7D5AD1EA-AD2D-4947-803B-7AD5759B57C8}.Release|ARM.ActiveCfg = Release|ARM
		{7D5AD1EA-AD2D-4947-803B-7AD5759B57C8}.Release|ARM.Build.0 = Release|ARM
		{7D5AD1EA-AD2D-4947-803B-7AD5759B57C8}.Release|x86.ActiveCfg = Release|x86
		{7D5AD1EA-AD2D-4947-803B-7AD5759B57C8}.Release|x86.Build.0 = Release|x86
		{48BA6E56-3CD0-4DF7-B9B4-1BFC9EC2EF4E}.Debug|Any CPU.ActiveCfg = Debug|Any CPU
		{48BA6E56-3CD0-4DF7-B9B4-1BFC9EC2EF4E}.Debug|Any CPU.Build.0 = Debug|Any CPU
		{48BA6E56-3CD0-4DF7-B9B4-1BFC9EC2EF4E}.Debug|ARM.ActiveCfg = Debug|ARM
		{48BA6E56-3CD0-4DF7-B9B4-1BFC9EC2EF4E}.Debug|ARM.Build.0 = Debug|ARM
		{48BA6E56-3CD0-4DF7-B9B4-1BFC9EC2EF4E}.Debug|x86.ActiveCfg = Debug|x86
		{48BA6E56-3CD0-4DF7-B9B4-1BFC9EC2EF4E}.Debug|x86.Build.0 = Debug|x86
		{48BA6E56-3CD0-4DF7-B9B4-1BFC9EC2EF4E}.Release|Any CPU.ActiveCfg = Release|Any CPU
		{48BA6E56-3CD0-4DF7-B9B4-1BFC9EC2EF4E}.Release|Any CPU.Build.0 = Release|Any CPU
		{48BA6E56-3CD0-4DF7-B9B4-1BFC9EC2EF4E}.Release|ARM.ActiveCfg = Release|ARM
		{48BA6E56-3CD0-4DF7-B9B4-1BFC9EC2EF4E}.Release|ARM.Build.0 = Release|ARM
		{48BA6E56-3CD0-4DF7-B9B4-1BFC9EC2EF4E}.Release|x86.ActiveCfg = Release|x86
		{48BA6E56-3CD0-4DF7-B9B4-1BFC9EC2EF4E}.Release|x86.Build.0 = Release|x86
		{AAC20884-D836-40C1-BB4D-E5D4189218DB}.Debug|Any CPU.ActiveCfg = Debug|Any CPU
		{AAC20884-D836-40C1-BB4D-E5D4189218DB}.Debug|Any CPU.Build.0 = Debug|Any CPU
		{AAC20884-D836-40C1-BB4D-E5D4189218DB}.Debug|ARM.ActiveCfg = Debug|ARM
		{AAC20884-D836-40C1-BB4D-E5D4189218DB}.Debug|ARM.Build.0 = Debug|ARM
		{AAC20884-D836-40C1-BB4D-E5D4189218DB}.Debug|x86.ActiveCfg = Debug|x86
		{AAC20884-D836-40C1-BB4D-E5D4189218DB}.Debug|x86.Build.0 = Debug|x86
		{AAC20884-D836-40C1-BB4D-E5D4189218DB}.Release|Any CPU.ActiveCfg = Release|Any CPU
		{AAC20884-D836-40C1-BB4D-E5D4189218DB}.Release|Any CPU.Build.0 = Release|Any CPU
		{AAC20884-D836-40C1-BB4D-E5D4189218DB}.Release|ARM.ActiveCfg = Release|ARM
		{AAC20884-D836-40C1-BB4D-E5D4189218DB}.Release|ARM.Build.0 = Release|ARM
		{AAC20884-D836-40C1-BB4D-E5D4189218DB}.Release|x86.ActiveCfg = Release|x86
		{AAC20884-D836-40C1-BB4D-E5D4189218DB}.Release|x86.Build.0 = Release|x86
		{9C0B779B-1D86-4DB5-906D-AF48C21380F4}.Debug|Any CPU.ActiveCfg = Debug|Any CPU
		{9C0B779B-1D86-4DB5-906D-AF48C21380F4}.Debug|Any CPU.Build.0 = Debug|Any CPU
		{9C0B779B-1D86-4DB5-906D-AF48C21380F4}.Debug|ARM.ActiveCfg = Debug|ARM
		{9C0B779B-1D86-4DB5-906D-AF48C21380F4}.Debug|ARM.Build.0 = Debug|ARM
		{9C0B779B-1D86-4DB5-906D-AF48C21380F4}.Debug|x86.ActiveCfg = Debug|x86
		{9C0B779B-1D86-4DB5-906D-AF48C21380F4}.Debug|x86.Build.0 = Debug|x86
		{9C0B779B-1D86-4DB5-906D-AF48C21380F4}.Release|Any CPU.ActiveCfg = Release|Any CPU
		{9C0B779B-1D86-4DB5-906D-AF48C21380F4}.Release|Any CPU.Build.0 = Release|Any CPU
		{9C0B779B-1D86-4DB5-906D-AF48C21380F4}.Release|ARM.ActiveCfg = Release|ARM
		{9C0B779B-1D86-4DB5-906D-AF48C21380F4}.Release|ARM.Build.0 = Release|ARM
		{9C0B779B-1D86-4DB5-906D-AF48C21380F4}.Release|x86.ActiveCfg = Release|x86
		{9C0B779B-1D86-4DB5-906D-AF48C21380F4}.Release|x86.Build.0 = Release|x86
		{E0FF0F1C-C78A-4C56-8337-DB5B7EFD4BD4}.Debug|Any CPU.ActiveCfg = Debug|Any CPU
		{E0FF0F1C-C78A-4C56-8337-DB5B7EFD4BD4}.Debug|Any CPU.Build.0 = Debug|Any CPU
		{E0FF0F1C-C78A-4C56-8337-DB5B7EFD4BD4}.Debug|ARM.ActiveCfg = Debug|ARM
		{E0FF0F1C-C78A-4C56-8337-DB5B7EFD4BD4}.Debug|ARM.Build.0 = Debug|ARM
		{E0FF0F1C-C78A-4C56-8337-DB5B7EFD4BD4}.Debug|x86.ActiveCfg = Debug|x86
		{E0FF0F1C-C78A-4C56-8337-DB5B7EFD4BD4}.Debug|x86.Build.0 = Debug|x86
		{E0FF0F1C-C78A-4C56-8337-DB5B7EFD4BD4}.Release|Any CPU.ActiveCfg = Release|Any CPU
		{E0FF0F1C-C78A-4C56-8337-DB5B7EFD4BD4}.Release|Any CPU.Build.0 = Release|Any CPU
		{E0FF0F1C-C78A-4C56-8337-DB5B7EFD4BD4}.Release|ARM.ActiveCfg = Release|ARM
		{E0FF0F1C-C78A-4C56-8337-DB5B7EFD4BD4}.Release|ARM.Build.0 = Release|ARM
		{E0FF0F1C-C78A-4C56-8337-DB5B7EFD4BD4}.Release|x86.ActiveCfg = Release|x86
		{E0FF0F1C-C78A-4C56-8337-DB5B7EFD4BD4}.Release|x86.Build.0 = Release|x86
		{48A5AE8E-9C64-4D9F-9885-7C6E99127FC9}.Debug|Any CPU.ActiveCfg = Debug|Any CPU
		{48A5AE8E-9C64-4D9F-9885-7C6E99127FC9}.Debug|Any CPU.Build.0 = Debug|Any CPU
		{48A5AE8E-9C64-4D9F-9885-7C6E99127FC9}.Debug|ARM.ActiveCfg = Debug|ARM
		{48A5AE8E-9C64-4D9F-9885-7C6E99127FC9}.Debug|ARM.Build.0 = Debug|ARM
		{48A5AE8E-9C64-4D9F-9885-7C6E99127FC9}.Debug|x86.ActiveCfg = Debug|x86
		{48A5AE8E-9C64-4D9F-9885-7C6E99127FC9}.Debug|x86.Build.0 = Debug|x86
		{48A5AE8E-9C64-4D9F-9885-7C6E99127FC9}.Release|Any CPU.ActiveCfg = Release|Any CPU
		{48A5AE8E-9C64-4D9F-9885-7C6E99127FC9}.Release|Any CPU.Build.0 = Release|Any CPU
		{48A5AE8E-9C64-4D9F-9885-7C6E99127FC9}.Release|ARM.ActiveCfg = Release|ARM
		{48A5AE8E-9C64-4D9F-9885-7C6E99127FC9}.Release|ARM.Build.0 = Release|ARM
		{48A5AE8E-9C64-4D9F-9885-7C6E99127FC9}.Release|x86.ActiveCfg = Release|x86
		{48A5AE8E-9C64-4D9F-9885-7C6E99127FC9}.Release|x86.Build.0 = Release|x86
		{41683589-D24A-4B70-9EDC-A4E9FD921EBE}.Debug|Any CPU.ActiveCfg = Debug|Any CPU
		{41683589-D24A-4B70-9EDC-A4E9FD921EBE}.Debug|Any CPU.Build.0 = Debug|Any CPU
		{41683589-D24A-4B70-9EDC-A4E9FD921EBE}.Debug|ARM.ActiveCfg = Debug|ARM
		{41683589-D24A-4B70-9EDC-A4E9FD921EBE}.Debug|ARM.Build.0 = Debug|ARM
		{41683589-D24A-4B70-9EDC-A4E9FD921EBE}.Debug|x86.ActiveCfg = Debug|x86
		{41683589-D24A-4B70-9EDC-A4E9FD921EBE}.Debug|x86.Build.0 = Debug|x86
		{41683589-D24A-4B70-9EDC-A4E9FD921EBE}.Release|Any CPU.ActiveCfg = Release|Any CPU
		{41683589-D24A-4B70-9EDC-A4E9FD921EBE}.Release|Any CPU.Build.0 = Release|Any CPU
		{41683589-D24A-4B70-9EDC-A4E9FD921EBE}.Release|ARM.ActiveCfg = Release|ARM
		{41683589-D24A-4B70-9EDC-A4E9FD921EBE}.Release|ARM.Build.0 = Release|ARM
		{41683589-D24A-4B70-9EDC-A4E9FD921EBE}.Release|x86.ActiveCfg = Release|x86
		{41683589-D24A-4B70-9EDC-A4E9FD921EBE}.Release|x86.Build.0 = Release|x86
		{05052242-AC26-47AB-84AB-67784BF038EF}.Debug|Any CPU.ActiveCfg = Debug|Any CPU
		{05052242-AC26-47AB-84AB-67784BF038EF}.Debug|Any CPU.Build.0 = Debug|Any CPU
		{05052242-AC26-47AB-84AB-67784BF038EF}.Debug|ARM.ActiveCfg = Debug|ARM
		{05052242-AC26-47AB-84AB-67784BF038EF}.Debug|ARM.Build.0 = Debug|ARM
		{05052242-AC26-47AB-84AB-67784BF038EF}.Debug|x86.ActiveCfg = Debug|x86
		{05052242-AC26-47AB-84AB-67784BF038EF}.Debug|x86.Build.0 = Debug|x86
		{05052242-AC26-47AB-84AB-67784BF038EF}.Release|Any CPU.ActiveCfg = Release|Any CPU
		{05052242-AC26-47AB-84AB-67784BF038EF}.Release|Any CPU.Build.0 = Release|Any CPU
		{05052242-AC26-47AB-84AB-67784BF038EF}.Release|ARM.ActiveCfg = Release|ARM
		{05052242-AC26-47AB-84AB-67784BF038EF}.Release|ARM.Build.0 = Release|ARM
		{05052242-AC26-47AB-84AB-67784BF038EF}.Release|x86.ActiveCfg = Release|x86
		{05052242-AC26-47AB-84AB-67784BF038EF}.Release|x86.Build.0 = Release|x86
	EndGlobalSection
	GlobalSection(SolutionProperties) = preSolution
		HideSolutionNode = FALSE
	EndGlobalSection
EndGlobal
